// !$*UTF8*$!
{
	archiveVersion = 1;
	classes = {
	};
	objectVersion = 46;
	objects = {

/* Begin PBXBuildFile section */
		CEE60B031AF0E3DC00F55647 /* AppDelegate.swift in Sources */ = {isa = PBXBuildFile; fileRef = CEE60B021AF0E3DC00F55647 /* AppDelegate.swift */; };
		CEE60B081AF0E3DC00F55647 /* Main.storyboard in Resources */ = {isa = PBXBuildFile; fileRef = CEE60B061AF0E3DC00F55647 /* Main.storyboard */; };
		CEE60B0A1AF0E3DC00F55647 /* Images.xcassets in Resources */ = {isa = PBXBuildFile; fileRef = CEE60B091AF0E3DC00F55647 /* Images.xcassets */; };
		CEE60B0D1AF0E3DC00F55647 /* LaunchScreen.xib in Resources */ = {isa = PBXBuildFile; fileRef = CEE60B0B1AF0E3DC00F55647 /* LaunchScreen.xib */; };
		CEE60B191AF0E3DC00F55647 /* ToDoListLoginSoloTests.swift in Sources */ = {isa = PBXBuildFile; fileRef = CEE60B181AF0E3DC00F55647 /* ToDoListLoginSoloTests.swift */; };
		CEE60B251AF0E5DD00F55647 /* ToDoView.swift in Sources */ = {isa = PBXBuildFile; fileRef = CEE60B241AF0E5DD00F55647 /* ToDoView.swift */; };
		CEE60B291AF0ECA600F55647 /* LoginViewControl.swift in Sources */ = {isa = PBXBuildFile; fileRef = CEE60B281AF0ECA600F55647 /* LoginViewControl.swift */; };
/* End PBXBuildFile section */

/* Begin PBXContainerItemProxy section */
		CEE60B131AF0E3DC00F55647 /* PBXContainerItemProxy */ = {
			isa = PBXContainerItemProxy;
			containerPortal = CEE60AF51AF0E3DC00F55647 /* Project object */;
			proxyType = 1;
			remoteGlobalIDString = CEE60AFC1AF0E3DC00F55647;
			remoteInfo = ToDoListLoginSolo;
		};
/* End PBXContainerItemProxy section */

/* Begin PBXFileReference section */
		CEE60AFD1AF0E3DC00F55647 /* ToDoListLoginSolo.app */ = {isa = PBXFileReference; explicitFileType = wrapper.application; includeInIndex = 0; path = ToDoListLoginSolo.app; sourceTree = BUILT_PRODUCTS_DIR; };
		CEE60B011AF0E3DC00F55647 /* Info.plist */ = {isa = PBXFileReference; lastKnownFileType = text.plist.xml; path = Info.plist; sourceTree = "<group>"; };
		CEE60B021AF0E3DC00F55647 /* AppDelegate.swift */ = {isa = PBXFileReference; lastKnownFileType = sourcecode.swift; path = AppDelegate.swift; sourceTree = "<group>"; };
		CEE60B071AF0E3DC00F55647 /* Base */ = {isa = PBXFileReference; lastKnownFileType = file.storyboard; name = Base; path = Base.lproj/Main.storyboard; sourceTree = "<group>"; };
		CEE60B091AF0E3DC00F55647 /* Images.xcassets */ = {isa = PBXFileReference; lastKnownFileType = folder.assetcatalog; path = Images.xcassets; sourceTree = "<group>"; };
		CEE60B0C1AF0E3DC00F55647 /* Base */ = {isa = PBXFileReference; lastKnownFileType = file.xib; name = Base; path = Base.lproj/LaunchScreen.xib; sourceTree = "<group>"; };
		CEE60B121AF0E3DC00F55647 /* ToDoListLoginSoloTests.xctest */ = {isa = PBXFileReference; explicitFileType = wrapper.cfbundle; includeInIndex = 0; path = ToDoListLoginSoloTests.xctest; sourceTree = BUILT_PRODUCTS_DIR; };
		CEE60B171AF0E3DC00F55647 /* Info.plist */ = {isa = PBXFileReference; lastKnownFileType = text.plist.xml; path = Info.plist; sourceTree = "<group>"; };
		CEE60B181AF0E3DC00F55647 /* ToDoListLoginSoloTests.swift */ = {isa = PBXFileReference; lastKnownFileType = sourcecode.swift; path = ToDoListLoginSoloTests.swift; sourceTree = "<group>"; };
		CEE60B241AF0E5DD00F55647 /* ToDoView.swift */ = {isa = PBXFileReference; fileEncoding = 4; lastKnownFileType = sourcecode.swift; name = ToDoView.swift; path = ../ToDoView.swift; sourceTree = "<group>"; };
		CEE60B281AF0ECA600F55647 /* LoginViewControl.swift */ = {isa = PBXFileReference; fileEncoding = 4; lastKnownFileType = sourcecode.swift; path = LoginViewControl.swift; sourceTree = "<group>"; };
/* End PBXFileReference section */

/* Begin PBXFrameworksBuildPhase section */
		CEE60AFA1AF0E3DC00F55647 /* Frameworks */ = {
			isa = PBXFrameworksBuildPhase;
			buildActionMask = 2147483647;
			files = (
			);
			runOnlyForDeploymentPostprocessing = 0;
		};
		CEE60B0F1AF0E3DC00F55647 /* Frameworks */ = {
			isa = PBXFrameworksBuildPhase;
			buildActionMask = 2147483647;
			files = (
			);
			runOnlyForDeploymentPostprocessing = 0;
		};
/* End PBXFrameworksBuildPhase section */

/* Begin PBXGroup section */
		CEE60AF41AF0E3DC00F55647 = {
			isa = PBXGroup;
			children = (
				CEE60AFF1AF0E3DC00F55647 /* ToDoListLoginSolo */,
				CEE60B151AF0E3DC00F55647 /* ToDoListLoginSoloTests */,
				CEE60AFE1AF0E3DC00F55647 /* Products */,
			);
			sourceTree = "<group>";
		};
		CEE60AFE1AF0E3DC00F55647 /* Products */ = {
			isa = PBXGroup;
			children = (
				CEE60AFD1AF0E3DC00F55647 /* ToDoListLoginSolo.app */,
				CEE60B121AF0E3DC00F55647 /* ToDoListLoginSoloTests.xctest */,
			);
			name = Products;
			sourceTree = "<group>";
		};
		CEE60AFF1AF0E3DC00F55647 /* ToDoListLoginSolo */ = {
			isa = PBXGroup;
			children = (
				CEE60B261AF0E5F300F55647 /* Views */,
				CEE60B271AF0E5FC00F55647 /* Controllers */,
				CEE60B021AF0E3DC00F55647 /* AppDelegate.swift */,
				CEE60B061AF0E3DC00F55647 /* Main.storyboard */,
				CEE60B091AF0E3DC00F55647 /* Images.xcassets */,
				CEE60B0B1AF0E3DC00F55647 /* LaunchScreen.xib */,
				CEE60B001AF0E3DC00F55647 /* Supporting Files */,
			);
			path = ToDoListLoginSolo;
			sourceTree = "<group>";
		};
		CEE60B001AF0E3DC00F55647 /* Supporting Files */ = {
			isa = PBXGroup;
			children = (
				CEE60B011AF0E3DC00F55647 /* Info.plist */,
			);
			name = "Supporting Files";
			sourceTree = "<group>";
		};
		CEE60B151AF0E3DC00F55647 /* ToDoListLoginSoloTests */ = {
			isa = PBXGroup;
			children = (
				CEE60B181AF0E3DC00F55647 /* ToDoListLoginSoloTests.swift */,
				CEE60B161AF0E3DC00F55647 /* Supporting Files */,
			);
			path = ToDoListLoginSoloTests;
			sourceTree = "<group>";
		};
		CEE60B161AF0E3DC00F55647 /* Supporting Files */ = {
			isa = PBXGroup;
			children = (
				CEE60B171AF0E3DC00F55647 /* Info.plist */,
			);
			name = "Supporting Files";
			sourceTree = "<group>";
		};
		CEE60B261AF0E5F300F55647 /* Views */ = {
			isa = PBXGroup;
			children = (
				CEE60B241AF0E5DD00F55647 /* ToDoView.swift */,
			);
			name = Views;
			sourceTree = "<group>";
		};
		CEE60B271AF0E5FC00F55647 /* Controllers */ = {
			isa = PBXGroup;
			children = (
				CEE60B281AF0ECA600F55647 /* LoginViewControl.swift */,
			);
			name = Controllers;
			sourceTree = "<group>";
		};
/* End PBXGroup section */

/* Begin PBXNativeTarget section */
		CEE60AFC1AF0E3DC00F55647 /* ToDoListLoginSolo */ = {
			isa = PBXNativeTarget;
			buildConfigurationList = CEE60B1C1AF0E3DC00F55647 /* Build configuration list for PBXNativeTarget "ToDoListLoginSolo" */;
			buildPhases = (
				CEE60AF91AF0E3DC00F55647 /* Sources */,
				CEE60AFA1AF0E3DC00F55647 /* Frameworks */,
				CEE60AFB1AF0E3DC00F55647 /* Resources */,
			);
			buildRules = (
			);
			dependencies = (
			);
			name = ToDoListLoginSolo;
			productName = ToDoListLoginSolo;
			productReference = CEE60AFD1AF0E3DC00F55647 /* ToDoListLoginSolo.app */;
			productType = "com.apple.product-type.application";
		};
		CEE60B111AF0E3DC00F55647 /* ToDoListLoginSoloTests */ = {
			isa = PBXNativeTarget;
			buildConfigurationList = CEE60B1F1AF0E3DC00F55647 /* Build configuration list for PBXNativeTarget "ToDoListLoginSoloTests" */;
			buildPhases = (
				CEE60B0E1AF0E3DC00F55647 /* Sources */,
				CEE60B0F1AF0E3DC00F55647 /* Frameworks */,
				CEE60B101AF0E3DC00F55647 /* Resources */,
			);
			buildRules = (
			);
			dependencies = (
				CEE60B141AF0E3DC00F55647 /* PBXTargetDependency */,
			);
			name = ToDoListLoginSoloTests;
			productName = ToDoListLoginSoloTests;
			productReference = CEE60B121AF0E3DC00F55647 /* ToDoListLoginSoloTests.xctest */;
			productType = "com.apple.product-type.bundle.unit-test";
		};
/* End PBXNativeTarget section */

/* Begin PBXProject section */
		CEE60AF51AF0E3DC00F55647 /* Project object */ = {
			isa = PBXProject;
			attributes = {
				LastUpgradeCheck = 0630;
				ORGANIZATIONNAME = "Matthew Falzon";
				TargetAttributes = {
					CEE60AFC1AF0E3DC00F55647 = {
						CreatedOnToolsVersion = 6.3.1;
					};
					CEE60B111AF0E3DC00F55647 = {
						CreatedOnToolsVersion = 6.3.1;
						TestTargetID = CEE60AFC1AF0E3DC00F55647;
					};
				};
			};
			buildConfigurationList = CEE60AF81AF0E3DC00F55647 /* Build configuration list for PBXProject "ToDoListLoginSolo" */;
			compatibilityVersion = "Xcode 3.2";
			developmentRegion = English;
			hasScannedForEncodings = 0;
			knownRegions = (
				en,
				Base,
			);
			mainGroup = CEE60AF41AF0E3DC00F55647;
			productRefGroup = CEE60AFE1AF0E3DC00F55647 /* Products */;
			projectDirPath = "";
			projectRoot = "";
			targets = (
				CEE60AFC1AF0E3DC00F55647 /* ToDoListLoginSolo */,
				CEE60B111AF0E3DC00F55647 /* ToDoListLoginSoloTests */,
			);
		};
/* End PBXProject section */

/* Begin PBXResourcesBuildPhase section */
		CEE60AFB1AF0E3DC00F55647 /* Resources */ = {
			isa = PBXResourcesBuildPhase;
			buildActionMask = 2147483647;
			files = (
				CEE60B081AF0E3DC00F55647 /* Main.storyboard in Resources */,
				CEE60B0D1AF0E3DC00F55647 /* LaunchScreen.xib in Resources */,
				CEE60B0A1AF0E3DC00F55647 /* Images.xcassets in Resources */,
			);
			runOnlyForDeploymentPostprocessing = 0;
		};
		CEE60B101AF0E3DC00F55647 /* Resources */ = {
			isa = PBXResourcesBuildPhase;
			buildActionMask = 2147483647;
			files = (
			);
			runOnlyForDeploymentPostprocessing = 0;
		};
/* End PBXResourcesBuildPhase section */

/* Begin PBXSourcesBuildPhase section */
		CEE60AF91AF0E3DC00F55647 /* Sources */ = {
			isa = PBXSourcesBuildPhase;
			buildActionMask = 2147483647;
			files = (
				CEE60B251AF0E5DD00F55647 /* ToDoView.swift in Sources */,
				CEE60B291AF0ECA600F55647 /* LoginViewControl.swift in Sources */,
				CEE60B031AF0E3DC00F55647 /* AppDelegate.swift in Sources */,
			);
			runOnlyForDeploymentPostprocessing = 0;
		};
		CEE60B0E1AF0E3DC00F55647 /* Sources */ = {
			isa = PBXSourcesBuildPhase;
			buildActionMask = 2147483647;
			files = (
				CEE60B191AF0E3DC00F55647 /* ToDoListLoginSoloTests.swift in Sources */,
			);
			runOnlyForDeploymentPostprocessing = 0;
		};
/* End PBXSourcesBuildPhase section */

/* Begin PBXTargetDependency section */
		CEE60B141AF0E3DC00F55647 /* PBXTargetDependency */ = {
			isa = PBXTargetDependency;
			target = CEE60AFC1AF0E3DC00F55647 /* ToDoListLoginSolo */;
			targetProxy = CEE60B131AF0E3DC00F55647 /* PBXContainerItemProxy */;
		};
/* End PBXTargetDependency section */

/* Begin PBXVariantGroup section */
		CEE60B061AF0E3DC00F55647 /* Main.storyboard */ = {
			isa = PBXVariantGroup;
			children = (
				CEE60B071AF0E3DC00F55647 /* Base */,
			);
			name = Main.storyboard;
			sourceTree = "<group>";
		};
		CEE60B0B1AF0E3DC00F55647 /* LaunchScreen.xib */ = {
			isa = PBXVariantGroup;
			children = (
				CEE60B0C1AF0E3DC00F55647 /* Base */,
			);
			name = LaunchScreen.xib;
			sourceTree = "<group>";
		};
/* End PBXVariantGroup section */

/* Begin XCBuildConfiguration section */
		CEE60B1A1AF0E3DC00F55647 /* Debug */ = {
			isa = XCBuildConfiguration;
			buildSettings = {
				ALWAYS_SEARCH_USER_PATHS = NO;
				CLANG_CXX_LANGUAGE_STANDARD = "gnu++0x";
				CLANG_CXX_LIBRARY = "libc++";
				CLANG_ENABLE_MODULES = YES;
				CLANG_ENABLE_OBJC_ARC = YES;
				CLANG_WARN_BOOL_CONVERSION = YES;
				CLANG_WARN_CONSTANT_CONVERSION = YES;
				CLANG_WARN_DIRECT_OBJC_ISA_USAGE = YES_ERROR;
				CLANG_WARN_EMPTY_BODY = YES;
				CLANG_WARN_ENUM_CONVERSION = YES;
				CLANG_WARN_INT_CONVERSION = YES;
				CLANG_WARN_OBJC_ROOT_CLASS = YES_ERROR;
				CLANG_WARN_UNREACHABLE_CODE = YES;
				CLANG_WARN__DUPLICATE_METHOD_MATCH = YES;
				"CODE_SIGN_IDENTITY[sdk=iphoneos*]" = "iPhone Developer";
				COPY_PHASE_STRIP = NO;
				DEBUG_INFORMATION_FORMAT = "dwarf-with-dsym";
				ENABLE_STRICT_OBJC_MSGSEND = YES;
				GCC_C_LANGUAGE_STANDARD = gnu99;
				GCC_DYNAMIC_NO_PIC = NO;
				GCC_NO_COMMON_BLOCKS = YES;
				GCC_OPTIMIZATION_LEVEL = 0;
				GCC_PREPROCESSOR_DEFINITIONS = (
					"DEBUG=1",
					"$(inherited)",
				);
				GCC_SYMBOLS_PRIVATE_EXTERN = NO;
				GCC_WARN_64_TO_32_BIT_CONVERSION = YES;
				GCC_WARN_ABOUT_RETURN_TYPE = YES_ERROR;
				GCC_WARN_UNDECLARED_SELECTOR = YES;
				GCC_WARN_UNINITIALIZED_AUTOS = YES_AGGRESSIVE;
				GCC_WARN_UNUSED_FUNCTION = YES;
				GCC_WARN_UNUSED_VARIABLE = YES;
				IPHONEOS_DEPLOYMENT_TARGET = 8.3;
				MTL_ENABLE_DEBUG_INFO = YES;
				ONLY_ACTIVE_ARCH = YES;
				SDKROOT = iphoneos;
				SWIFT_OPTIMIZATION_LEVEL = "-Onone";
			};
			name = Debug;
		};
		CEE60B1B1AF0E3DC00F55647 /* Release */ = {
			isa = XCBuildConfiguration;
			buildSettings = {
				ALWAYS_SEARCH_USER_PATHS = NO;
				CLANG_CXX_LANGUAGE_STANDARD = "gnu++0x";
				CLANG_CXX_LIBRARY = "libc++";
				CLANG_ENABLE_MODULES = YES;
				CLANG_ENABLE_OBJC_ARC = YES;
				CLANG_WARN_BOOL_CONVERSION = YES;
				CLANG_WARN_CONSTANT_CONVERSION = YES;
				CLANG_WARN_DIRECT_OBJC_ISA_USAGE = YES_ERROR;
				CLANG_WARN_EMPTY_BODY = YES;
				CLANG_WARN_ENUM_CONVERSION = YES;
				CLANG_WARN_INT_CONVERSION = YES;
				CLANG_WARN_OBJC_ROOT_CLASS = YES_ERROR;
				CLANG_WARN_UNREACHABLE_CODE = YES;
				CLANG_WARN__DUPLICATE_METHOD_MATCH = YES;
				"CODE_SIGN_IDENTITY[sdk=iphoneos*]" = "iPhone Developer";
				COPY_PHASE_STRIP = NO;
				DEBUG_INFORMATION_FORMAT = "dwarf-with-dsym";
				ENABLE_NS_ASSERTIONS = NO;
				ENABLE_STRICT_OBJC_MSGSEND = YES;
				GCC_C_LANGUAGE_STANDARD = gnu99;
				GCC_NO_COMMON_BLOCKS = YES;
				GCC_WARN_64_TO_32_BIT_CONVERSION = YES;
				GCC_WARN_ABOUT_RETURN_TYPE = YES_ERROR;
				GCC_WARN_UNDECLARED_SELECTOR = YES;
				GCC_WARN_UNINITIALIZED_AUTOS = YES_AGGRESSIVE;
				GCC_WARN_UNUSED_FUNCTION = YES;
				GCC_WARN_UNUSED_VARIABLE = YES;
				IPHONEOS_DEPLOYMENT_TARGET = 8.3;
				MTL_ENABLE_DEBUG_INFO = NO;
				SDKROOT = iphoneos;
				VALIDATE_PRODUCT = YES;
			};
			name = Release;
		};
		CEE60B1D1AF0E3DC00F55647 /* Debug */ = {
			isa = XCBuildConfiguration;
			buildSettings = {
				ASSETCATALOG_COMPILER_APPICON_NAME = AppIcon;
				INFOPLIST_FILE = ToDoListLoginSolo/Info.plist;
				LD_RUNPATH_SEARCH_PATHS = "$(inherited) @executable_path/Frameworks";
				PRODUCT_NAME = "$(TARGET_NAME)";
			};
			name = Debug;
		};
		CEE60B1E1AF0E3DC00F55647 /* Release */ = {
			isa = XCBuildConfiguration;
			buildSettings = {
				ASSETCATALOG_COMPILER_APPICON_NAME = AppIcon;
				INFOPLIST_FILE = ToDoListLoginSolo/Info.plist;
				LD_RUNPATH_SEARCH_PATHS = "$(inherited) @executable_path/Frameworks";
				PRODUCT_NAME = "$(TARGET_NAME)";
			};
			name = Release;
		};
		CEE60B201AF0E3DC00F55647 /* Debug */ = {
			isa = XCBuildConfiguration;
			buildSettings = {
				BUNDLE_LOADER = "$(TEST_HOST)";
				FRAMEWORK_SEARCH_PATHS = (
					"$(SDKROOT)/Developer/Library/Frameworks",
					"$(inherited)",
				);
				GCC_PREPROCESSOR_DEFINITIONS = (
					"DEBUG=1",
					"$(inherited)",
				);
				INFOPLIST_FILE = ToDoListLoginSoloTests/Info.plist;
				LD_RUNPATH_SEARCH_PATHS = "$(inherited) @executable_path/Frameworks @loader_path/Frameworks";
				PRODUCT_NAME = "$(TARGET_NAME)";
				TEST_HOST = "$(BUILT_PRODUCTS_DIR)/ToDoListLoginSolo.app/ToDoListLoginSolo";
			};
			name = Debug;
		};
		CEE60B211AF0E3DC00F55647 /* Release */ = {
			isa = XCBuildConfiguration;
			buildSettings = {
				BUNDLE_LOADER = "$(TEST_HOST)";
				FRAMEWORK_SEARCH_PATHS = (
					"$(SDKROOT)/Developer/Library/Frameworks",
					"$(inherited)",
				);
				INFOPLIST_FILE = ToDoListLoginSoloTests/Info.plist;
				LD_RUNPATH_SEARCH_PATHS = "$(inherited) @executable_path/Frameworks @loader_path/Frameworks";
				PRODUCT_NAME = "$(TARGET_NAME)";
				TEST_HOST = "$(BUILT_PRODUCTS_DIR)/ToDoListLoginSolo.app/ToDoListLoginSolo";
			};
			name = Release;
		};
/* End XCBuildConfiguration section */

/* Begin XCConfigurationList section */
		CEE60AF81AF0E3DC00F55647 /* Build configuration list for PBXProject "ToDoListLoginSolo" */ = {
			isa = XCConfigurationList;
			buildConfigurations = (
				CEE60B1A1AF0E3DC00F55647 /* Debug */,
				CEE60B1B1AF0E3DC00F55647 /* Release */,
			);
			defaultConfigurationIsVisible = 0;
			defaultConfigurationName = Release;
		};
		CEE60B1C1AF0E3DC00F55647 /* Build configuration list for PBXNativeTarget "ToDoListLoginSolo" */ = {
			isa = XCConfigurationList;
			buildConfigurations = (
				CEE60B1D1AF0E3DC00F55647 /* Debug */,
				CEE60B1E1AF0E3DC00F55647 /* Release */,
			);
			defaultConfigurationIsVisible = 0;
		};
		CEE60B1F1AF0E3DC00F55647 /* Build configuration list for PBXNativeTarget "ToDoListLoginSoloTests" */ = {
			isa = XCConfigurationList;
			buildConfigurations = (
				CEE60B201AF0E3DC00F55647 /* Debug */,
				CEE60B211AF0E3DC00F55647 /* Release */,
			);
			defaultConfigurationIsVisible = 0;
		};
/* End XCConfigurationList section */
	};
	rootObject = CEE60AF51AF0E3DC00F55647 /* Project object */;
}
